
Microsoft Visual Studio Solution File, Format Version 12.00
Project("{FAE04EC0-301F-11D3-BF4B-00C04F79EFBC}") = "InteractiveMapStandalone", "InteractiveMapStandalone\InteractiveMapStandalone.csproj", "{0F1CF78F-6792-4C97-A858-98911333291F}"
EndProject
Global
	GlobalSection(SolutionConfigurationPlatforms) = preSolution
		Debug|Any CPU = Debug|Any CPU
		Release|Any CPU = Release|Any CPU
	EndGlobalSection
	GlobalSection(ProjectConfigurationPlatforms) = postSolution
		{0F1CF78F-6792-4C97-A858-98911333291F}.Debug|Any CPU.ActiveCfg = Debug|Any CPU
		{0F1CF78F-6792-4C97-A858-98911333291F}.Debug|Any CPU.Build.0 = Debug|Any CPU
		{0F1CF78F-6792-4C97-A858-98911333291F}.Release|Any CPU.ActiveCfg = Release|Any CPU
		{0F1CF78F-6792-4C97-A858-98911333291F}.Release|Any CPU.Build.0 = Release|Any CPU
	EndGlobalSection
EndGlobal
